// !$*UTF8*$!
{
	archiveVersion = 1;
	classes = {
	};
	objectVersion = 46;
	objects = {

/* Begin PBXBuildFile section */
		17BE716FD5FF3BA5DE6F5094 /* libPods-FutureWeatherTests.a in Frameworks */ = {isa = PBXBuildFile; fileRef = 0B5B0CFF2396DD7E1E365A11 /* libPods-FutureWeatherTests.a */; };
		9CEC796AB7E5B3F9C4ED287A /* libPods-FutureWeatherUITests.a in Frameworks */ = {isa = PBXBuildFile; fileRef = 7DEA05A236FF67B9BE66431D /* libPods-FutureWeatherUITests.a */; };
		A34653B81D05EC1900D3B3D8 /* FourthViewController.m in Sources */ = {isa = PBXBuildFile; fileRef = A34653B71D05EC1900D3B3D8 /* FourthViewController.m */; };
		A34653BB1D05F47600D3B3D8 /* CustomTableViewCell.m in Sources */ = {isa = PBXBuildFile; fileRef = A34653BA1D05F47600D3B3D8 /* CustomTableViewCell.m */; };
		A364F5961CFF56890044CD13 /* GlobalObject.m in Sources */ = {isa = PBXBuildFile; fileRef = A364F5951CFF56890044CD13 /* GlobalObject.m */; };
		A36C4E371CF4CDDD00A5BA17 /* WeatherObject.m in Sources */ = {isa = PBXBuildFile; fileRef = A36C4E361CF4CDDD00A5BA17 /* WeatherObject.m */; };
		A3914C611CF7516E00324E0A /* WeeklyCollectionViewCell.m in Sources */ = {isa = PBXBuildFile; fileRef = A3914C601CF7516E00324E0A /* WeeklyCollectionViewCell.m */; };
		A3A3BE241D007E2E00700BB0 /* LaunchScreen.m in Sources */ = {isa = PBXBuildFile; fileRef = A3A3BE231D007E2E00700BB0 /* LaunchScreen.m */; };
		A3A3BE271D00815A00700BB0 /* LaunchScreenMaskViewController.m in Sources */ = {isa = PBXBuildFile; fileRef = A3A3BE261D00815A00700BB0 /* LaunchScreenMaskViewController.m */; };
		A3A3BE2A1D00822B00700BB0 /* MainTabBarController.m in Sources */ = {isa = PBXBuildFile; fileRef = A3A3BE291D00822B00700BB0 /* MainTabBarController.m */; };
		A3C320891CF6045100D41334 /* todayCollectionViewCell.m in Sources */ = {isa = PBXBuildFile; fileRef = A3C320881CF6045100D41334 /* todayCollectionViewCell.m */; };
		A3CA6AA91CF88B6400423367 /* TenDaylyCollectionViewCell.m in Sources */ = {isa = PBXBuildFile; fileRef = A3CA6AA81CF88B6400423367 /* TenDaylyCollectionViewCell.m */; };
		A3CEBC491CEFA37700BF2D9F /* main.m in Sources */ = {isa = PBXBuildFile; fileRef = A3CEBC481CEFA37700BF2D9F /* main.m */; };
		A3CEBC4C1CEFA37700BF2D9F /* AppDelegate.m in Sources */ = {isa = PBXBuildFile; fileRef = A3CEBC4B1CEFA37700BF2D9F /* AppDelegate.m */; };
		A3CEBC4F1CEFA37700BF2D9F /* FirstViewController.m in Sources */ = {isa = PBXBuildFile; fileRef = A3CEBC4E1CEFA37700BF2D9F /* FirstViewController.m */; };
		A3CEBC521CEFA37700BF2D9F /* SecondViewController.m in Sources */ = {isa = PBXBuildFile; fileRef = A3CEBC511CEFA37700BF2D9F /* SecondViewController.m */; };
		A3CEBC551CEFA37700BF2D9F /* Main.storyboard in Resources */ = {isa = PBXBuildFile; fileRef = A3CEBC531CEFA37700BF2D9F /* Main.storyboard */; };
		A3CEBC571CEFA37700BF2D9F /* Assets.xcassets in Resources */ = {isa = PBXBuildFile; fileRef = A3CEBC561CEFA37700BF2D9F /* Assets.xcassets */; };
		A3CEBC5A1CEFA37700BF2D9F /* LaunchScreen.storyboard in Resources */ = {isa = PBXBuildFile; fileRef = A3CEBC581CEFA37700BF2D9F /* LaunchScreen.storyboard */; };
		A3CEBC651CEFA37700BF2D9F /* FutureWeatherTests.m in Sources */ = {isa = PBXBuildFile; fileRef = A3CEBC641CEFA37700BF2D9F /* FutureWeatherTests.m */; };
		A3CEBC701CEFA37700BF2D9F /* FutureWeatherUITests.m in Sources */ = {isa = PBXBuildFile; fileRef = A3CEBC6F1CEFA37700BF2D9F /* FutureWeatherUITests.m */; };
		A3D163241CF38D4F0097A4D5 /* ThirdViewController.m in Sources */ = {isa = PBXBuildFile; fileRef = A3D163231CF38D4F0097A4D5 /* ThirdViewController.m */; };
		A3D163271CF392D40097A4D5 /* ConstantsClass.m in Sources */ = {isa = PBXBuildFile; fileRef = A3D163261CF392D40097A4D5 /* ConstantsClass.m */; };
		E6C5484070AAF477A278FF17 /* libPods-FutureWeather.a in Frameworks */ = {isa = PBXBuildFile; fileRef = 9C4FFEC2F38251F32F7D6082 /* libPods-FutureWeather.a */; };
/* End PBXBuildFile section */

/* Begin PBXContainerItemProxy section */
		A3CEBC611CEFA37700BF2D9F /* PBXContainerItemProxy */ = {
			isa = PBXContainerItemProxy;
			containerPortal = A3CEBC3C1CEFA37600BF2D9F /* Project object */;
			proxyType = 1;
			remoteGlobalIDString = A3CEBC431CEFA37600BF2D9F;
			remoteInfo = FutureWeather;
		};
		A3CEBC6C1CEFA37700BF2D9F /* PBXContainerItemProxy */ = {
			isa = PBXContainerItemProxy;
			containerPortal = A3CEBC3C1CEFA37600BF2D9F /* Project object */;
			proxyType = 1;
			remoteGlobalIDString = A3CEBC431CEFA37600BF2D9F;
			remoteInfo = FutureWeather;
		};
/* End PBXContainerItemProxy section */

/* Begin PBXFileReference section */
		0ADD6A5480F4533316831C5B /* Pods-FutureWeatherUITests.release.xcconfig */ = {isa = PBXFileReference; includeInIndex = 1; lastKnownFileType = text.xcconfig; name = "Pods-FutureWeatherUITests.release.xcconfig"; path = "Pods/Target Support Files/Pods-FutureWeatherUITests/Pods-FutureWeatherUITests.release.xcconfig"; sourceTree = "<group>"; };
		0B5B0CFF2396DD7E1E365A11 /* libPods-FutureWeatherTests.a */ = {isa = PBXFileReference; explicitFileType = archive.ar; includeInIndex = 0; path = "libPods-FutureWeatherTests.a"; sourceTree = BUILT_PRODUCTS_DIR; };
		0CFD937D53979443A3375A5F /* Pods-FutureWeather.debug.xcconfig */ = {isa = PBXFileReference; includeInIndex = 1; lastKnownFileType = text.xcconfig; name = "Pods-FutureWeather.debug.xcconfig"; path = "Pods/Target Support Files/Pods-FutureWeather/Pods-FutureWeather.debug.xcconfig"; sourceTree = "<group>"; };
		5DF4F4815CB57AE12E249D1F /* Pods-FutureWeather.release.xcconfig */ = {isa = PBXFileReference; includeInIndex = 1; lastKnownFileType = text.xcconfig; name = "Pods-FutureWeather.release.xcconfig"; path = "Pods/Target Support Files/Pods-FutureWeather/Pods-FutureWeather.release.xcconfig"; sourceTree = "<group>"; };
		7D3A7339770A0747AED15809 /* Pods-FutureWeatherUITests.debug.xcconfig */ = {isa = PBXFileReference; includeInIndex = 1; lastKnownFileType = text.xcconfig; name = "Pods-FutureWeatherUITests.debug.xcconfig"; path = "Pods/Target Support Files/Pods-FutureWeatherUITests/Pods-FutureWeatherUITests.debug.xcconfig"; sourceTree = "<group>"; };
		7DEA05A236FF67B9BE66431D /* libPods-FutureWeatherUITests.a */ = {isa = PBXFileReference; explicitFileType = archive.ar; includeInIndex = 0; path = "libPods-FutureWeatherUITests.a"; sourceTree = BUILT_PRODUCTS_DIR; };
		9C4FFEC2F38251F32F7D6082 /* libPods-FutureWeather.a */ = {isa = PBXFileReference; explicitFileType = archive.ar; includeInIndex = 0; path = "libPods-FutureWeather.a"; sourceTree = BUILT_PRODUCTS_DIR; };
		A34653B61D05EC1900D3B3D8 /* FourthViewController.h */ = {isa = PBXFileReference; fileEncoding = 4; lastKnownFileType = sourcecode.c.h; path = FourthViewController.h; sourceTree = "<group>"; };
		A34653B71D05EC1900D3B3D8 /* FourthViewController.m */ = {isa = PBXFileReference; fileEncoding = 4; lastKnownFileType = sourcecode.c.objc; path = FourthViewController.m; sourceTree = "<group>"; };
		A34653B91D05F47600D3B3D8 /* CustomTableViewCell.h */ = {isa = PBXFileReference; fileEncoding = 4; lastKnownFileType = sourcecode.c.h; path = CustomTableViewCell.h; sourceTree = "<group>"; };
		A34653BA1D05F47600D3B3D8 /* CustomTableViewCell.m */ = {isa = PBXFileReference; fileEncoding = 4; lastKnownFileType = sourcecode.c.objc; path = CustomTableViewCell.m; sourceTree = "<group>"; };
		A364F5941CFF56890044CD13 /* GlobalObject.h */ = {isa = PBXFileReference; fileEncoding = 4; lastKnownFileType = sourcecode.c.h; path = GlobalObject.h; sourceTree = "<group>"; };
		A364F5951CFF56890044CD13 /* GlobalObject.m */ = {isa = PBXFileReference; fileEncoding = 4; lastKnownFileType = sourcecode.c.objc; path = GlobalObject.m; sourceTree = "<group>"; };
		A36C4E351CF4CDDD00A5BA17 /* WeatherObject.h */ = {isa = PBXFileReference; fileEncoding = 4; lastKnownFileType = sourcecode.c.h; path = WeatherObject.h; sourceTree = "<group>"; };
		A36C4E361CF4CDDD00A5BA17 /* WeatherObject.m */ = {isa = PBXFileReference; fileEncoding = 4; lastKnownFileType = sourcecode.c.objc; path = WeatherObject.m; sourceTree = "<group>"; };
		A3914C5F1CF7516E00324E0A /* WeeklyCollectionViewCell.h */ = {isa = PBXFileReference; fileEncoding = 4; lastKnownFileType = sourcecode.c.h; path = WeeklyCollectionViewCell.h; sourceTree = "<group>"; };
		A3914C601CF7516E00324E0A /* WeeklyCollectionViewCell.m */ = {isa = PBXFileReference; fileEncoding = 4; lastKnownFileType = sourcecode.c.objc; path = WeeklyCollectionViewCell.m; sourceTree = "<group>"; };
		A3A3BE221D007E2E00700BB0 /* LaunchScreen.h */ = {isa = PBXFileReference; fileEncoding = 4; lastKnownFileType = sourcecode.c.h; path = LaunchScreen.h; sourceTree = "<group>"; };
		A3A3BE231D007E2E00700BB0 /* LaunchScreen.m */ = {isa = PBXFileReference; fileEncoding = 4; lastKnownFileType = sourcecode.c.objc; path = LaunchScreen.m; sourceTree = "<group>"; };
		A3A3BE251D00815A00700BB0 /* LaunchScreenMaskViewController.h */ = {isa = PBXFileReference; fileEncoding = 4; lastKnownFileType = sourcecode.c.h; path = LaunchScreenMaskViewController.h; sourceTree = "<group>"; };
		A3A3BE261D00815A00700BB0 /* LaunchScreenMaskViewController.m */ = {isa = PBXFileReference; fileEncoding = 4; lastKnownFileType = sourcecode.c.objc; path = LaunchScreenMaskViewController.m; sourceTree = "<group>"; };
		A3A3BE281D00822B00700BB0 /* MainTabBarController.h */ = {isa = PBXFileReference; fileEncoding = 4; lastKnownFileType = sourcecode.c.h; path = MainTabBarController.h; sourceTree = "<group>"; };
		A3A3BE291D00822B00700BB0 /* MainTabBarController.m */ = {isa = PBXFileReference; fileEncoding = 4; lastKnownFileType = sourcecode.c.objc; path = MainTabBarController.m; sourceTree = "<group>"; };
		A3C320871CF6045100D41334 /* todayCollectionViewCell.h */ = {isa = PBXFileReference; fileEncoding = 4; lastKnownFileType = sourcecode.c.h; path = todayCollectionViewCell.h; sourceTree = "<group>"; };
		A3C320881CF6045100D41334 /* todayCollectionViewCell.m */ = {isa = PBXFileReference; fileEncoding = 4; lastKnownFileType = sourcecode.c.objc; path = todayCollectionViewCell.m; sourceTree = "<group>"; };
		A3CA6AA71CF88B6400423367 /* TenDaylyCollectionViewCell.h */ = {isa = PBXFileReference; fileEncoding = 4; lastKnownFileType = sourcecode.c.h; path = TenDaylyCollectionViewCell.h; sourceTree = "<group>"; };
		A3CA6AA81CF88B6400423367 /* TenDaylyCollectionViewCell.m */ = {isa = PBXFileReference; fileEncoding = 4; lastKnownFileType = sourcecode.c.objc; path = TenDaylyCollectionViewCell.m; sourceTree = "<group>"; };
		A3CEBC441CEFA37600BF2D9F /* FutureWeather.app */ = {isa = PBXFileReference; explicitFileType = wrapper.application; includeInIndex = 0; path = FutureWeather.app; sourceTree = BUILT_PRODUCTS_DIR; };
		A3CEBC481CEFA37700BF2D9F /* main.m */ = {isa = PBXFileReference; lastKnownFileType = sourcecode.c.objc; path = main.m; sourceTree = "<group>"; };
		A3CEBC4A1CEFA37700BF2D9F /* AppDelegate.h */ = {isa = PBXFileReference; lastKnownFileType = sourcecode.c.h; path = AppDelegate.h; sourceTree = "<group>"; };
		A3CEBC4B1CEFA37700BF2D9F /* AppDelegate.m */ = {isa = PBXFileReference; lastKnownFileType = sourcecode.c.objc; path = AppDelegate.m; sourceTree = "<group>"; };
		A3CEBC4D1CEFA37700BF2D9F /* FirstViewController.h */ = {isa = PBXFileReference; lastKnownFileType = sourcecode.c.h; path = FirstViewController.h; sourceTree = "<group>"; };
		A3CEBC4E1CEFA37700BF2D9F /* FirstViewController.m */ = {isa = PBXFileReference; lastKnownFileType = sourcecode.c.objc; path = FirstViewController.m; sourceTree = "<group>"; };
		A3CEBC501CEFA37700BF2D9F /* SecondViewController.h */ = {isa = PBXFileReference; lastKnownFileType = sourcecode.c.h; path = SecondViewController.h; sourceTree = "<group>"; };
		A3CEBC511CEFA37700BF2D9F /* SecondViewController.m */ = {isa = PBXFileReference; lastKnownFileType = sourcecode.c.objc; path = SecondViewController.m; sourceTree = "<group>"; };
		A3CEBC541CEFA37700BF2D9F /* Base */ = {isa = PBXFileReference; lastKnownFileType = file.storyboard; name = Base; path = Base.lproj/Main.storyboard; sourceTree = "<group>"; };
		A3CEBC561CEFA37700BF2D9F /* Assets.xcassets */ = {isa = PBXFileReference; lastKnownFileType = folder.assetcatalog; path = Assets.xcassets; sourceTree = "<group>"; };
		A3CEBC591CEFA37700BF2D9F /* Base */ = {isa = PBXFileReference; lastKnownFileType = file.storyboard; name = Base; path = Base.lproj/LaunchScreen.storyboard; sourceTree = "<group>"; };
		A3CEBC5B1CEFA37700BF2D9F /* Info.plist */ = {isa = PBXFileReference; lastKnownFileType = text.plist.xml; path = Info.plist; sourceTree = "<group>"; };
		A3CEBC601CEFA37700BF2D9F /* FutureWeatherTests.xctest */ = {isa = PBXFileReference; explicitFileType = wrapper.cfbundle; includeInIndex = 0; path = FutureWeatherTests.xctest; sourceTree = BUILT_PRODUCTS_DIR; };
		A3CEBC641CEFA37700BF2D9F /* FutureWeatherTests.m */ = {isa = PBXFileReference; lastKnownFileType = sourcecode.c.objc; path = FutureWeatherTests.m; sourceTree = "<group>"; };
		A3CEBC661CEFA37700BF2D9F /* Info.plist */ = {isa = PBXFileReference; lastKnownFileType = text.plist.xml; path = Info.plist; sourceTree = "<group>"; };
		A3CEBC6B1CEFA37700BF2D9F /* FutureWeatherUITests.xctest */ = {isa = PBXFileReference; explicitFileType = wrapper.cfbundle; includeInIndex = 0; path = FutureWeatherUITests.xctest; sourceTree = BUILT_PRODUCTS_DIR; };
		A3CEBC6F1CEFA37700BF2D9F /* FutureWeatherUITests.m */ = {isa = PBXFileReference; lastKnownFileType = sourcecode.c.objc; path = FutureWeatherUITests.m; sourceTree = "<group>"; };
		A3CEBC711CEFA37700BF2D9F /* Info.plist */ = {isa = PBXFileReference; lastKnownFileType = text.plist.xml; path = Info.plist; sourceTree = "<group>"; };
		A3D163221CF38D4F0097A4D5 /* ThirdViewController.h */ = {isa = PBXFileReference; fileEncoding = 4; lastKnownFileType = sourcecode.c.h; path = ThirdViewController.h; sourceTree = "<group>"; };
		A3D163231CF38D4F0097A4D5 /* ThirdViewController.m */ = {isa = PBXFileReference; fileEncoding = 4; lastKnownFileType = sourcecode.c.objc; path = ThirdViewController.m; sourceTree = "<group>"; };
		A3D163251CF392D40097A4D5 /* ConstantsClass.h */ = {isa = PBXFileReference; fileEncoding = 4; lastKnownFileType = sourcecode.c.h; path = ConstantsClass.h; sourceTree = "<group>"; };
		A3D163261CF392D40097A4D5 /* ConstantsClass.m */ = {isa = PBXFileReference; fileEncoding = 4; lastKnownFileType = sourcecode.c.objc; path = ConstantsClass.m; sourceTree = "<group>"; };
		BB6AE25F9D8718243620AA1C /* Pods-FutureWeatherTests.debug.xcconfig */ = {isa = PBXFileReference; includeInIndex = 1; lastKnownFileType = text.xcconfig; name = "Pods-FutureWeatherTests.debug.xcconfig"; path = "Pods/Target Support Files/Pods-FutureWeatherTests/Pods-FutureWeatherTests.debug.xcconfig"; sourceTree = "<group>"; };
		D62736DD6346662252B17CED /* Pods-FutureWeatherTests.release.xcconfig */ = {isa = PBXFileReference; includeInIndex = 1; lastKnownFileType = text.xcconfig; name = "Pods-FutureWeatherTests.release.xcconfig"; path = "Pods/Target Support Files/Pods-FutureWeatherTests/Pods-FutureWeatherTests.release.xcconfig"; sourceTree = "<group>"; };
/* End PBXFileReference section */

/* Begin PBXFrameworksBuildPhase section */
		A3CEBC411CEFA37600BF2D9F /* Frameworks */ = {
			isa = PBXFrameworksBuildPhase;
			buildActionMask = 2147483647;
			files = (
				E6C5484070AAF477A278FF17 /* libPods-FutureWeather.a in Frameworks */,
			);
			runOnlyForDeploymentPostprocessing = 0;
		};
		A3CEBC5D1CEFA37700BF2D9F /* Frameworks */ = {
			isa = PBXFrameworksBuildPhase;
			buildActionMask = 2147483647;
			files = (
				17BE716FD5FF3BA5DE6F5094 /* libPods-FutureWeatherTests.a in Frameworks */,
			);
			runOnlyForDeploymentPostprocessing = 0;
		};
		A3CEBC681CEFA37700BF2D9F /* Frameworks */ = {
			isa = PBXFrameworksBuildPhase;
			buildActionMask = 2147483647;
			files = (
				9CEC796AB7E5B3F9C4ED287A /* libPods-FutureWeatherUITests.a in Frameworks */,
			);
			runOnlyForDeploymentPostprocessing = 0;
		};
/* End PBXFrameworksBuildPhase section */

/* Begin PBXGroup section */
		0F467DFBE92F73CEB3791B6B /* Frameworks */ = {
			isa = PBXGroup;
			children = (
				9C4FFEC2F38251F32F7D6082 /* libPods-FutureWeather.a */,
				0B5B0CFF2396DD7E1E365A11 /* libPods-FutureWeatherTests.a */,
				7DEA05A236FF67B9BE66431D /* libPods-FutureWeatherUITests.a */,
			);
			name = Frameworks;
			sourceTree = "<group>";
		};
		A3CEBC3B1CEFA37600BF2D9F = {
			isa = PBXGroup;
			children = (
				A3CEBC461CEFA37700BF2D9F /* FutureWeather */,
				A3CEBC631CEFA37700BF2D9F /* FutureWeatherTests */,
				A3CEBC6E1CEFA37700BF2D9F /* FutureWeatherUITests */,
				A3CEBC451CEFA37600BF2D9F /* Products */,
				BA218481FE01ED3868AC71D6 /* Pods */,
				0F467DFBE92F73CEB3791B6B /* Frameworks */,
			);
			sourceTree = "<group>";
		};
		A3CEBC451CEFA37600BF2D9F /* Products */ = {
			isa = PBXGroup;
			children = (
				A3CEBC441CEFA37600BF2D9F /* FutureWeather.app */,
				A3CEBC601CEFA37700BF2D9F /* FutureWeatherTests.xctest */,
				A3CEBC6B1CEFA37700BF2D9F /* FutureWeatherUITests.xctest */,
			);
			name = Products;
			sourceTree = "<group>";
		};
		A3CEBC461CEFA37700BF2D9F /* FutureWeather */ = {
			isa = PBXGroup;
			children = (
				A3CEBC4A1CEFA37700BF2D9F /* AppDelegate.h */,
				A3CEBC4B1CEFA37700BF2D9F /* AppDelegate.m */,
				A3CEBC4D1CEFA37700BF2D9F /* FirstViewController.h */,
				A3CEBC4E1CEFA37700BF2D9F /* FirstViewController.m */,
				A3CEBC501CEFA37700BF2D9F /* SecondViewController.h */,
				A3CEBC511CEFA37700BF2D9F /* SecondViewController.m */,
				A3D163221CF38D4F0097A4D5 /* ThirdViewController.h */,
				A3D163231CF38D4F0097A4D5 /* ThirdViewController.m */,
				A3CEBC531CEFA37700BF2D9F /* Main.storyboard */,
				A3A3BE281D00822B00700BB0 /* MainTabBarController.h */,
				A3A3BE291D00822B00700BB0 /* MainTabBarController.m */,
				A3A3BE251D00815A00700BB0 /* LaunchScreenMaskViewController.h */,
				A3A3BE261D00815A00700BB0 /* LaunchScreenMaskViewController.m */,
				A3CEBC561CEFA37700BF2D9F /* Assets.xcassets */,
				A3CEBC581CEFA37700BF2D9F /* LaunchScreen.storyboard */,
				A3A3BE221D007E2E00700BB0 /* LaunchScreen.h */,
				A3A3BE231D007E2E00700BB0 /* LaunchScreen.m */,
				A3CEBC5B1CEFA37700BF2D9F /* Info.plist */,
				A3CEBC471CEFA37700BF2D9F /* Supporting Files */,
				A3D163251CF392D40097A4D5 /* ConstantsClass.h */,
				A3D163261CF392D40097A4D5 /* ConstantsClass.m */,
				A36C4E351CF4CDDD00A5BA17 /* WeatherObject.h */,
				A36C4E361CF4CDDD00A5BA17 /* WeatherObject.m */,
				A3C320871CF6045100D41334 /* todayCollectionViewCell.h */,
				A3C320881CF6045100D41334 /* todayCollectionViewCell.m */,
				A3CA6AA71CF88B6400423367 /* TenDaylyCollectionViewCell.h */,
				A3CA6AA81CF88B6400423367 /* TenDaylyCollectionViewCell.m */,
				A34653B61D05EC1900D3B3D8 /* FourthViewController.h */,
				A34653B71D05EC1900D3B3D8 /* FourthViewController.m */,
			);
			path = FutureWeather;
			sourceTree = "<group>";
		};
		A3CEBC471CEFA37700BF2D9F /* Supporting Files */ = {
			isa = PBXGroup;
			children = (
				A3CEBC481CEFA37700BF2D9F /* main.m */,
				A3914C5F1CF7516E00324E0A /* WeeklyCollectionViewCell.h */,
				A3914C601CF7516E00324E0A /* WeeklyCollectionViewCell.m */,
				A364F5941CFF56890044CD13 /* GlobalObject.h */,
				A364F5951CFF56890044CD13 /* GlobalObject.m */,
				A34653B91D05F47600D3B3D8 /* CustomTableViewCell.h */,
				A34653BA1D05F47600D3B3D8 /* CustomTableViewCell.m */,
			);
			name = "Supporting Files";
			sourceTree = "<group>";
		};
		A3CEBC631CEFA37700BF2D9F /* FutureWeatherTests */ = {
			isa = PBXGroup;
			children = (
				A3CEBC641CEFA37700BF2D9F /* FutureWeatherTests.m */,
				A3CEBC661CEFA37700BF2D9F /* Info.plist */,
			);
			path = FutureWeatherTests;
			sourceTree = "<group>";
		};
		A3CEBC6E1CEFA37700BF2D9F /* FutureWeatherUITests */ = {
			isa = PBXGroup;
			children = (
				A3CEBC6F1CEFA37700BF2D9F /* FutureWeatherUITests.m */,
				A3CEBC711CEFA37700BF2D9F /* Info.plist */,
			);
			path = FutureWeatherUITests;
			sourceTree = "<group>";
		};
		BA218481FE01ED3868AC71D6 /* Pods */ = {
			isa = PBXGroup;
			children = (
				0CFD937D53979443A3375A5F /* Pods-FutureWeather.debug.xcconfig */,
				5DF4F4815CB57AE12E249D1F /* Pods-FutureWeather.release.xcconfig */,
				BB6AE25F9D8718243620AA1C /* Pods-FutureWeatherTests.debug.xcconfig */,
				D62736DD6346662252B17CED /* Pods-FutureWeatherTests.release.xcconfig */,
				7D3A7339770A0747AED15809 /* Pods-FutureWeatherUITests.debug.xcconfig */,
				0ADD6A5480F4533316831C5B /* Pods-FutureWeatherUITests.release.xcconfig */,
			);
			name = Pods;
			sourceTree = "<group>";
		};
/* End PBXGroup section */

/* Begin PBXNativeTarget section */
		A3CEBC431CEFA37600BF2D9F /* FutureWeather */ = {
			isa = PBXNativeTarget;
			buildConfigurationList = A3CEBC741CEFA37700BF2D9F /* Build configuration list for PBXNativeTarget "FutureWeather" */;
			buildPhases = (
				80626C24AF4664DDC5473565 /* 📦 Check Pods Manifest.lock */,
				A3CEBC401CEFA37600BF2D9F /* Sources */,
				A3CEBC411CEFA37600BF2D9F /* Frameworks */,
				A3CEBC421CEFA37600BF2D9F /* Resources */,
				B265A7C2C4A824EF391522F8 /* 📦 Embed Pods Frameworks */,
				6629303414815A976291DCAE /* 📦 Copy Pods Resources */,
			);
			buildRules = (
			);
			dependencies = (
			);
			name = FutureWeather;
			productName = FutureWeather;
			productReference = A3CEBC441CEFA37600BF2D9F /* FutureWeather.app */;
			productType = "com.apple.product-type.application";
		};
		A3CEBC5F1CEFA37700BF2D9F /* FutureWeatherTests */ = {
			isa = PBXNativeTarget;
			buildConfigurationList = A3CEBC771CEFA37700BF2D9F /* Build configuration list for PBXNativeTarget "FutureWeatherTests" */;
			buildPhases = (
				C2A67F86414B961CC9A7FB76 /* 📦 Check Pods Manifest.lock */,
				A3CEBC5C1CEFA37700BF2D9F /* Sources */,
				A3CEBC5D1CEFA37700BF2D9F /* Frameworks */,
				A3CEBC5E1CEFA37700BF2D9F /* Resources */,
				DB8E50FC354BC3A8E128B131 /* 📦 Embed Pods Frameworks */,
				2DF0A641AEF4B13273062BFA /* 📦 Copy Pods Resources */,
			);
			buildRules = (
			);
			dependencies = (
				A3CEBC621CEFA37700BF2D9F /* PBXTargetDependency */,
			);
			name = FutureWeatherTests;
			productName = FutureWeatherTests;
			productReference = A3CEBC601CEFA37700BF2D9F /* FutureWeatherTests.xctest */;
			productType = "com.apple.product-type.bundle.unit-test";
		};
		A3CEBC6A1CEFA37700BF2D9F /* FutureWeatherUITests */ = {
			isa = PBXNativeTarget;
			buildConfigurationList = A3CEBC7A1CEFA37700BF2D9F /* Build configuration list for PBXNativeTarget "FutureWeatherUITests" */;
			buildPhases = (
				2EA2FFD2911303D418B364A5 /* 📦 Check Pods Manifest.lock */,
				A3CEBC671CEFA37700BF2D9F /* Sources */,
				A3CEBC681CEFA37700BF2D9F /* Frameworks */,
				A3CEBC691CEFA37700BF2D9F /* Resources */,
				787BA593F9E942AFA777EDA2 /* 📦 Copy Pods Resources */,
			);
			buildRules = (
			);
			dependencies = (
				A3CEBC6D1CEFA37700BF2D9F /* PBXTargetDependency */,
			);
			name = FutureWeatherUITests;
			productName = FutureWeatherUITests;
			productReference = A3CEBC6B1CEFA37700BF2D9F /* FutureWeatherUITests.xctest */;
			productType = "com.apple.product-type.bundle.ui-testing";
		};
/* End PBXNativeTarget section */

/* Begin PBXProject section */
		A3CEBC3C1CEFA37600BF2D9F /* Project object */ = {
			isa = PBXProject;
			attributes = {
				LastUpgradeCheck = 0730;
				ORGANIZATIONNAME = Prince;
				TargetAttributes = {
					A3CEBC431CEFA37600BF2D9F = {
						CreatedOnToolsVersion = 7.3;
					};
					A3CEBC5F1CEFA37700BF2D9F = {
						CreatedOnToolsVersion = 7.3;
						TestTargetID = A3CEBC431CEFA37600BF2D9F;
					};
					A3CEBC6A1CEFA37700BF2D9F = {
						CreatedOnToolsVersion = 7.3;
						TestTargetID = A3CEBC431CEFA37600BF2D9F;
					};
				};
			};
			buildConfigurationList = A3CEBC3F1CEFA37600BF2D9F /* Build configuration list for PBXProject "FutureWeather" */;
			compatibilityVersion = "Xcode 3.2";
			developmentRegion = English;
			hasScannedForEncodings = 0;
			knownRegions = (
				en,
				Base,
			);
			mainGroup = A3CEBC3B1CEFA37600BF2D9F;
			productRefGroup = A3CEBC451CEFA37600BF2D9F /* Products */;
			projectDirPath = "";
			projectRoot = "";
			targets = (
				A3CEBC431CEFA37600BF2D9F /* FutureWeather */,
				A3CEBC5F1CEFA37700BF2D9F /* FutureWeatherTests */,
				A3CEBC6A1CEFA37700BF2D9F /* FutureWeatherUITests */,
			);
		};
/* End PBXProject section */

/* Begin PBXResourcesBuildPhase section */
		A3CEBC421CEFA37600BF2D9F /* Resources */ = {
			isa = PBXResourcesBuildPhase;
			buildActionMask = 2147483647;
			files = (
				A3CEBC5A1CEFA37700BF2D9F /* LaunchScreen.storyboard in Resources */,
				A3CEBC571CEFA37700BF2D9F /* Assets.xcassets in Resources */,
				A3CEBC551CEFA37700BF2D9F /* Main.storyboard in Resources */,
			);
			runOnlyForDeploymentPostprocessing = 0;
		};
		A3CEBC5E1CEFA37700BF2D9F /* Resources */ = {
			isa = PBXResourcesBuildPhase;
			buildActionMask = 2147483647;
			files = (
			);
			runOnlyForDeploymentPostprocessing = 0;
		};
		A3CEBC691CEFA37700BF2D9F /* Resources */ = {
			isa = PBXResourcesBuildPhase;
			buildActionMask = 2147483647;
			files = (
			);
			runOnlyForDeploymentPostprocessing = 0;
		};
/* End PBXResourcesBuildPhase section */

/* Begin PBXShellScriptBuildPhase section */
		2DF0A641AEF4B13273062BFA /* 📦 Copy Pods Resources */ = {
			isa = PBXShellScriptBuildPhase;
			buildActionMask = 2147483647;
			files = (
			);
			inputPaths = (
			);
			name = "📦 Copy Pods Resources";
			outputPaths = (
			);
			runOnlyForDeploymentPostprocessing = 0;
			shellPath = /bin/sh;
			shellScript = "\"${SRCROOT}/Pods/Target Support Files/Pods-FutureWeatherTests/Pods-FutureWeatherTests-resources.sh\"\n";
			showEnvVarsInLog = 0;
		};
		2EA2FFD2911303D418B364A5 /* 📦 Check Pods Manifest.lock */ = {
			isa = PBXShellScriptBuildPhase;
			buildActionMask = 2147483647;
			files = (
			);
			inputPaths = (
			);
			name = "📦 Check Pods Manifest.lock";
			outputPaths = (
			);
			runOnlyForDeploymentPostprocessing = 0;
			shellPath = /bin/sh;
			shellScript = "diff \"${PODS_ROOT}/../Podfile.lock\" \"${PODS_ROOT}/Manifest.lock\" > /dev/null\nif [[ $? != 0 ]] ; then\n    cat << EOM\nerror: The sandbox is not in sync with the Podfile.lock. Run 'pod install' or update your CocoaPods installation.\nEOM\n    exit 1\nfi\n";
			showEnvVarsInLog = 0;
		};
		6629303414815A976291DCAE /* 📦 Copy Pods Resources */ = {
			isa = PBXShellScriptBuildPhase;
			buildActionMask = 2147483647;
			files = (
			);
			inputPaths = (
			);
			name = "📦 Copy Pods Resources";
			outputPaths = (
			);
			runOnlyForDeploymentPostprocessing = 0;
			shellPath = /bin/sh;
			shellScript = "\"${SRCROOT}/Pods/Target Support Files/Pods-FutureWeather/Pods-FutureWeather-resources.sh\"\n";
			showEnvVarsInLog = 0;
		};
		787BA593F9E942AFA777EDA2 /* 📦 Copy Pods Resources */ = {
			isa = PBXShellScriptBuildPhase;
			buildActionMask = 2147483647;
			files = (
			);
			inputPaths = (
			);
			name = "📦 Copy Pods Resources";
			outputPaths = (
			);
			runOnlyForDeploymentPostprocessing = 0;
			shellPath = /bin/sh;
			shellScript = "\"${SRCROOT}/Pods/Target Support Files/Pods-FutureWeatherUITests/Pods-FutureWeatherUITests-resources.sh\"\n";
			showEnvVarsInLog = 0;
		};
		80626C24AF4664DDC5473565 /* 📦 Check Pods Manifest.lock */ = {
			isa = PBXShellScriptBuildPhase;
			buildActionMask = 2147483647;
			files = (
			);
			inputPaths = (
			);
			name = "📦 Check Pods Manifest.lock";
			outputPaths = (
			);
			runOnlyForDeploymentPostprocessing = 0;
			shellPath = /bin/sh;
			shellScript = "diff \"${PODS_ROOT}/../Podfile.lock\" \"${PODS_ROOT}/Manifest.lock\" > /dev/null\nif [[ $? != 0 ]] ; then\n    cat << EOM\nerror: The sandbox is not in sync with the Podfile.lock. Run 'pod install' or update your CocoaPods installation.\nEOM\n    exit 1\nfi\n";
			showEnvVarsInLog = 0;
		};
		B265A7C2C4A824EF391522F8 /* 📦 Embed Pods Frameworks */ = {
			isa = PBXShellScriptBuildPhase;
			buildActionMask = 2147483647;
			files = (
			);
			inputPaths = (
			);
			name = "📦 Embed Pods Frameworks";
			outputPaths = (
			);
			runOnlyForDeploymentPostprocessing = 0;
			shellPath = /bin/sh;
			shellScript = "\"${SRCROOT}/Pods/Target Support Files/Pods-FutureWeather/Pods-FutureWeather-frameworks.sh\"\n";
			showEnvVarsInLog = 0;
		};
		C2A67F86414B961CC9A7FB76 /* 📦 Check Pods Manifest.lock */ = {
			isa = PBXShellScriptBuildPhase;
			buildActionMask = 2147483647;
			files = (
			);
			inputPaths = (
			);
			name = "📦 Check Pods Manifest.lock";
			outputPaths = (
			);
			runOnlyForDeploymentPostprocessing = 0;
			shellPath = /bin/sh;
			shellScript = "diff \"${PODS_ROOT}/../Podfile.lock\" \"${PODS_ROOT}/Manifest.lock\" > /dev/null\nif [[ $? != 0 ]] ; then\n    cat << EOM\nerror: The sandbox is not in sync with the Podfile.lock. Run 'pod install' or update your CocoaPods installation.\nEOM\n    exit 1\nfi\n";
			showEnvVarsInLog = 0;
		};
		DB8E50FC354BC3A8E128B131 /* 📦 Embed Pods Frameworks */ = {
			isa = PBXShellScriptBuildPhase;
			buildActionMask = 2147483647;
			files = (
			);
			inputPaths = (
			);
			name = "📦 Embed Pods Frameworks";
			outputPaths = (
			);
			runOnlyForDeploymentPostprocessing = 0;
			shellPath = /bin/sh;
			shellScript = "\"${SRCROOT}/Pods/Target Support Files/Pods-FutureWeatherTests/Pods-FutureWeatherTests-frameworks.sh\"\n";
			showEnvVarsInLog = 0;
		};
/* End PBXShellScriptBuildPhase section */

/* Begin PBXSourcesBuildPhase section */
		A3CEBC401CEFA37600BF2D9F /* Sources */ = {
			isa = PBXSourcesBuildPhase;
			buildActionMask = 2147483647;
			files = (
				A3A3BE241D007E2E00700BB0 /* LaunchScreen.m in Sources */,
				A3D163271CF392D40097A4D5 /* ConstantsClass.m in Sources */,
				A3A3BE271D00815A00700BB0 /* LaunchScreenMaskViewController.m in Sources */,
				A3CEBC521CEFA37700BF2D9F /* SecondViewController.m in Sources */,
				A3D163241CF38D4F0097A4D5 /* ThirdViewController.m in Sources */,
				A364F5961CFF56890044CD13 /* GlobalObject.m in Sources */,
				A34653B81D05EC1900D3B3D8 /* FourthViewController.m in Sources */,
				A3914C611CF7516E00324E0A /* WeeklyCollectionViewCell.m in Sources */,
				A3CA6AA91CF88B6400423367 /* TenDaylyCollectionViewCell.m in Sources */,
				A3A3BE2A1D00822B00700BB0 /* MainTabBarController.m in Sources */,
				A3CEBC4C1CEFA37700BF2D9F /* AppDelegate.m in Sources */,
				A3C320891CF6045100D41334 /* todayCollectionViewCell.m in Sources */,
				A3CEBC4F1CEFA37700BF2D9F /* FirstViewController.m in Sources */,
				A36C4E371CF4CDDD00A5BA17 /* WeatherObject.m in Sources */,
				A34653BB1D05F47600D3B3D8 /* CustomTableViewCell.m in Sources */,
				A3CEBC491CEFA37700BF2D9F /* main.m in Sources */,
			);
			runOnlyForDeploymentPostprocessing = 0;
		};
		A3CEBC5C1CEFA37700BF2D9F /* Sources */ = {
			isa = PBXSourcesBuildPhase;
			buildActionMask = 2147483647;
			files = (
				A3CEBC651CEFA37700BF2D9F /* FutureWeatherTests.m in Sources */,
			);
			runOnlyForDeploymentPostprocessing = 0;
		};
		A3CEBC671CEFA37700BF2D9F /* Sources */ = {
			isa = PBXSourcesBuildPhase;
			buildActionMask = 2147483647;
			files = (
				A3CEBC701CEFA37700BF2D9F /* FutureWeatherUITests.m in Sources */,
			);
			runOnlyForDeploymentPostprocessing = 0;
		};
/* End PBXSourcesBuildPhase section */

/* Begin PBXTargetDependency section */
		A3CEBC621CEFA37700BF2D9F /* PBXTargetDependency */ = {
			isa = PBXTargetDependency;
			target = A3CEBC431CEFA37600BF2D9F /* FutureWeather */;
			targetProxy = A3CEBC611CEFA37700BF2D9F /* PBXContainerItemProxy */;
		};
		A3CEBC6D1CEFA37700BF2D9F /* PBXTargetDependency */ = {
			isa = PBXTargetDependency;
			target = A3CEBC431CEFA37600BF2D9F /* FutureWeather */;
			targetProxy = A3CEBC6C1CEFA37700BF2D9F /* PBXContainerItemProxy */;
		};
/* End PBXTargetDependency section */

/* Begin PBXVariantGroup section */
		A3CEBC531CEFA37700BF2D9F /* Main.storyboard */ = {
			isa = PBXVariantGroup;
			children = (
				A3CEBC541CEFA37700BF2D9F /* Base */,
			);
			name = Main.storyboard;
			sourceTree = "<group>";
		};
		A3CEBC581CEFA37700BF2D9F /* LaunchScreen.storyboard */ = {
			isa = PBXVariantGroup;
			children = (
				A3CEBC591CEFA37700BF2D9F /* Base */,
			);
			name = LaunchScreen.storyboard;
			sourceTree = "<group>";
		};
/* End PBXVariantGroup section */

/* Begin XCBuildConfiguration section */
		A3CEBC721CEFA37700BF2D9F /* Debug */ = {
			isa = XCBuildConfiguration;
			buildSettings = {
				ALWAYS_SEARCH_USER_PATHS = NO;
				CLANG_ANALYZER_NONNULL = YES;
				CLANG_CXX_LANGUAGE_STANDARD = "gnu++0x";
				CLANG_CXX_LIBRARY = "libc++";
				CLANG_ENABLE_MODULES = YES;
				CLANG_ENABLE_OBJC_ARC = YES;
				CLANG_WARN_BOOL_CONVERSION = YES;
				CLANG_WARN_CONSTANT_CONVERSION = YES;
				CLANG_WARN_DIRECT_OBJC_ISA_USAGE = YES_ERROR;
				CLANG_WARN_EMPTY_BODY = YES;
				CLANG_WARN_ENUM_CONVERSION = YES;
				CLANG_WARN_INT_CONVERSION = YES;
				CLANG_WARN_OBJC_ROOT_CLASS = YES_ERROR;
				CLANG_WARN_UNREACHABLE_CODE = YES;
				CLANG_WARN__DUPLICATE_METHOD_MATCH = YES;
				"CODE_SIGN_IDENTITY[sdk=iphoneos*]" = "iPhone Developer";
				COPY_PHASE_STRIP = NO;
				DEBUG_INFORMATION_FORMAT = dwarf;
				ENABLE_STRICT_OBJC_MSGSEND = YES;
				ENABLE_TESTABILITY = YES;
				GCC_C_LANGUAGE_STANDARD = gnu99;
				GCC_DYNAMIC_NO_PIC = NO;
				GCC_NO_COMMON_BLOCKS = YES;
				GCC_OPTIMIZATION_LEVEL = 0;
				GCC_PREPROCESSOR_DEFINITIONS = (
					"DEBUG=1",
					"$(inherited)",
				);
				GCC_WARN_64_TO_32_BIT_CONVERSION = YES;
				GCC_WARN_ABOUT_RETURN_TYPE = YES_ERROR;
				GCC_WARN_UNDECLARED_SELECTOR = YES;
				GCC_WARN_UNINITIALIZED_AUTOS = YES_AGGRESSIVE;
				GCC_WARN_UNUSED_FUNCTION = YES;
				GCC_WARN_UNUSED_VARIABLE = YES;
				IPHONEOS_DEPLOYMENT_TARGET = 9.3;
				MTL_ENABLE_DEBUG_INFO = YES;
				ONLY_ACTIVE_ARCH = YES;
				SDKROOT = iphoneos;
			};
			name = Debug;
		};
		A3CEBC731CEFA37700BF2D9F /* Release */ = {
			isa = XCBuildConfiguration;
			buildSettings = {
				ALWAYS_SEARCH_USER_PATHS = NO;
				CLANG_ANALYZER_NONNULL = YES;
				CLANG_CXX_LANGUAGE_STANDARD = "gnu++0x";
				CLANG_CXX_LIBRARY = "libc++";
				CLANG_ENABLE_MODULES = YES;
				CLANG_ENABLE_OBJC_ARC = YES;
				CLANG_WARN_BOOL_CONVERSION = YES;
				CLANG_WARN_CONSTANT_CONVERSION = YES;
				CLANG_WARN_DIRECT_OBJC_ISA_USAGE = YES_ERROR;
				CLANG_WARN_EMPTY_BODY = YES;
				CLANG_WARN_ENUM_CONVERSION = YES;
				CLANG_WARN_INT_CONVERSION = YES;
				CLANG_WARN_OBJC_ROOT_CLASS = YES_ERROR;
				CLANG_WARN_UNREACHABLE_CODE = YES;
				CLANG_WARN__DUPLICATE_METHOD_MATCH = YES;
				"CODE_SIGN_IDENTITY[sdk=iphoneos*]" = "iPhone Developer";
				COPY_PHASE_STRIP = NO;
				DEBUG_INFORMATION_FORMAT = "dwarf-with-dsym";
				ENABLE_NS_ASSERTIONS = NO;
				ENABLE_STRICT_OBJC_MSGSEND = YES;
				GCC_C_LANGUAGE_STANDARD = gnu99;
				GCC_NO_COMMON_BLOCKS = YES;
				GCC_WARN_64_TO_32_BIT_CONVERSION = YES;
				GCC_WARN_ABOUT_RETURN_TYPE = YES_ERROR;
				GCC_WARN_UNDECLARED_SELECTOR = YES;
				GCC_WARN_UNINITIALIZED_AUTOS = YES_AGGRESSIVE;
				GCC_WARN_UNUSED_FUNCTION = YES;
				GCC_WARN_UNUSED_VARIABLE = YES;
				IPHONEOS_DEPLOYMENT_TARGET = 9.3;
				MTL_ENABLE_DEBUG_INFO = NO;
				SDKROOT = iphoneos;
				VALIDATE_PRODUCT = YES;
			};
			name = Release;
		};
		A3CEBC751CEFA37700BF2D9F /* Debug */ = {
			isa = XCBuildConfiguration;
			baseConfigurationReference = 0CFD937D53979443A3375A5F /* Pods-FutureWeather.debug.xcconfig */;
			buildSettings = {
				ASSETCATALOG_COMPILER_APPICON_NAME = AppIcon;
				INFOPLIST_FILE = FutureWeather/Info.plist;
				LD_RUNPATH_SEARCH_PATHS = "$(inherited) @executable_path/Frameworks";
				PRODUCT_BUNDLE_IDENTIFIER = com.Prince.FutureWeather;
				PRODUCT_NAME = "$(TARGET_NAME)";
			};
			name = Debug;
		};
		A3CEBC761CEFA37700BF2D9F /* Release */ = {
			isa = XCBuildConfiguration;
			baseConfigurationReference = 5DF4F4815CB57AE12E249D1F /* Pods-FutureWeather.release.xcconfig */;
			buildSettings = {
				ASSETCATALOG_COMPILER_APPICON_NAME = AppIcon;
				INFOPLIST_FILE = FutureWeather/Info.plist;
				LD_RUNPATH_SEARCH_PATHS = "$(inherited) @executable_path/Frameworks";
				PRODUCT_BUNDLE_IDENTIFIER = com.Prince.FutureWeather;
				PRODUCT_NAME = "$(TARGET_NAME)";
			};
			name = Release;
		};
		A3CEBC781CEFA37700BF2D9F /* Debug */ = {
			isa = XCBuildConfiguration;
			baseConfigurationReference = BB6AE25F9D8718243620AA1C /* Pods-FutureWeatherTests.debug.xcconfig */;
			buildSettings = {
				BUNDLE_LOADER = "$(TEST_HOST)";
				INFOPLIST_FILE = FutureWeatherTests/Info.plist;
				LD_RUNPATH_SEARCH_PATHS = "$(inherited) @executable_path/Frameworks @loader_path/Frameworks";
				PRODUCT_BUNDLE_IDENTIFIER = com.Prince.FutureWeatherTests;
				PRODUCT_NAME = "$(TARGET_NAME)";
				TEST_HOST = "$(BUILT_PRODUCTS_DIR)/FutureWeather.app/FutureWeather";
			};
			name = Debug;
		};
		A3CEBC791CEFA37700BF2D9F /* Release */ = {
			isa = XCBuildConfiguration;
			baseConfigurationReference = D62736DD6346662252B17CED /* Pods-FutureWeatherTests.release.xcconfig */;
			buildSettings = {
				BUNDLE_LOADER = "$(TEST_HOST)";
				INFOPLIST_FILE = FutureWeatherTests/Info.plist;
				LD_RUNPATH_SEARCH_PATHS = "$(inherited) @executable_path/Frameworks @loader_path/Frameworks";
				PRODUCT_BUNDLE_IDENTIFIER = com.Prince.FutureWeatherTests;
				PRODUCT_NAME = "$(TARGET_NAME)";
				TEST_HOST = "$(BUILT_PRODUCTS_DIR)/FutureWeather.app/FutureWeather";
			};
			name = Release;
		};
		A3CEBC7B1CEFA37700BF2D9F /* Debug */ = {
			isa = XCBuildConfiguration;
			baseConfigurationReference = 7D3A7339770A0747AED15809 /* Pods-FutureWeatherUITests.debug.xcconfig */;
			buildSettings = {
				INFOPLIST_FILE = FutureWeatherUITests/Info.plist;
				LD_RUNPATH_SEARCH_PATHS = "$(inherited) @executable_path/Frameworks @loader_path/Frameworks";
				PRODUCT_BUNDLE_IDENTIFIER = com.Prince.FutureWeatherUITests;
				PRODUCT_NAME = "$(TARGET_NAME)";
				TEST_TARGET_NAME = FutureWeather;
			};
			name = Debug;
		};
		A3CEBC7C1CEFA37700BF2D9F /* Release */ = {
			isa = XCBuildConfiguration;
			baseConfigurationReference = 0ADD6A5480F4533316831C5B /* Pods-FutureWeatherUITests.release.xcconfig */;
			buildSettings = {
				INFOPLIST_FILE = FutureWeatherUITests/Info.plist;
				LD_RUNPATH_SEARCH_PATHS = "$(inherited) @executable_path/Frameworks @loader_path/Frameworks";
				PRODUCT_BUNDLE_IDENTIFIER = com.Prince.FutureWeatherUITests;
				PRODUCT_NAME = "$(TARGET_NAME)";
				TEST_TARGET_NAME = FutureWeather;
			};
			name = Release;
		};
/* End XCBuildConfiguration section */

/* Begin XCConfigurationList section */
		A3CEBC3F1CEFA37600BF2D9F /* Build configuration list for PBXProject "FutureWeather" */ = {
			isa = XCConfigurationList;
			buildConfigurations = (
				A3CEBC721CEFA37700BF2D9F /* Debug */,
				A3CEBC731CEFA37700BF2D9F /* Release */,
			);
			defaultConfigurationIsVisible = 0;
			defaultConfigurationName = Release;
		};
		A3CEBC741CEFA37700BF2D9F /* Build configuration list for PBXNativeTarget "FutureWeather" */ = {
			isa = XCConfigurationList;
			buildConfigurations = (
				A3CEBC751CEFA37700BF2D9F /* Debug */,
				A3CEBC761CEFA37700BF2D9F /* Release */,
			);
			defaultConfigurationIsVisible = 0;
			defaultConfigurationName = Release;
		};
		A3CEBC771CEFA37700BF2D9F /* Build configuration list for PBXNativeTarget "FutureWeatherTests" */ = {
			isa = XCConfigurationList;
			buildConfigurations = (
				A3CEBC781CEFA37700BF2D9F /* Debug */,
				A3CEBC791CEFA37700BF2D9F /* Release */,
			);
			defaultConfigurationIsVisible = 0;
			defaultConfigurationName = Release;
		};
		A3CEBC7A1CEFA37700BF2D9F /* Build configuration list for PBXNativeTarget "FutureWeatherUITests" */ = {
			isa = XCConfigurationList;
			buildConfigurations = (
				A3CEBC7B1CEFA37700BF2D9F /* Debug */,
				A3CEBC7C1CEFA37700BF2D9F /* Release */,
			);
			defaultConfigurationIsVisible = 0;
			defaultConfigurationName = Release;
		};
/* End XCConfigurationList section */
	};
	rootObject = A3CEBC3C1CEFA37600BF2D9F /* Project object */;
}
